
Microsoft Visual Studio Solution File, Format Version 12.00
# Visual Studio 15
VisualStudioVersion = 15.0.26730.16
MinimumVisualStudioVersion = 10.0.40219.1
Project("{8BC9CEB8-8B4A-11D0-8D11-00A0C91BC942}") = "Servidor", "Servidor\Servidor.vcxproj", "{A78F653B-C0C7-4726-B4D8-B34A41F8AD59}"
EndProject
Project("{8BC9CEB8-8B4A-11D0-8D11-00A0C91BC942}") = "DLL", "DLL\DLL.vcxproj", "{A5273DC0-DD5D-48D7-82FA-B846EB3AFC89}"
EndProject
Project("{8BC9CEB8-8B4A-11D0-8D11-00A0C91BC942}") = "Gateway", "Gateway\Gateway.vcxproj", "{32D67632-DBC8-45E6-B599-A36805780FEF}"
EndProject
Project("{8BC9CEB8-8B4A-11D0-8D11-00A0C91BC942}") = "Cliente", "Cliente\Cliente.vcxproj", "{E4F93E0A-50EC-4AA3-BA4E-F22C58FE6D11}"
EndProject
Project("{2150E333-8FDC-42A3-9474-1A3956D46DE8}") = "Solution Items", "Solution Items", "{BB807FA6-39A7-4AE3-908A-3BC1346FB7C1}"
	ProjectSection(SolutionItems) = preProject
		util.h = util.h
	EndProjectSection
EndProject
Project("{8BC9CEB8-8B4A-11D0-8D11-00A0C91BC942}") = "ClienteGUI", "ClienteGUI\ClienteGUI.vcxproj", "{F7C94A3E-3585-4BAE-8A36-37D0E4B1569C}"
EndProject
Global
	GlobalSection(SolutionConfigurationPlatforms) = preSolution
		Debug|x64 = Debug|x64
		Debug|x86 = Debug|x86
		Release|x64 = Release|x64
		Release|x86 = Release|x86
	EndGlobalSection
	GlobalSection(ProjectConfigurationPlatforms) = postSolution
		{A78F653B-C0C7-4726-B4D8-B34A41F8AD59}.Debug|x64.ActiveCfg = Debug|x64
		{A78F653B-C0C7-4726-B4D8-B34A41F8AD59}.Debug|x64.Build.0 = Debug|x64
		{A78F653B-C0C7-4726-B4D8-B34A41F8AD59}.Debug|x86.ActiveCfg = Debug|Win32
		{A78F653B-C0C7-4726-B4D8-B34A41F8AD59}.Debug|x86.Build.0 = Debug|Win32
		{A78F653B-C0C7-4726-B4D8-B34A41F8AD59}.Release|x64.ActiveCfg = Release|x64
		{A78F653B-C0C7-4726-B4D8-B34A41F8AD59}.Release|x64.Build.0 = Release|x64
		{A78F653B-C0C7-4726-B4D8-B34A41F8AD59}.Release|x86.ActiveCfg = Release|Win32
		{A78F653B-C0C7-4726-B4D8-B34A41F8AD59}.Release|x86.Build.0 = Release|Win32
		{A5273DC0-DD5D-48D7-82FA-B846EB3AFC89}.Debug|x64.ActiveCfg = Debug|x64
		{A5273DC0-DD5D-48D7-82FA-B846EB3AFC89}.Debug|x64.Build.0 = Debug|x64
		{A5273DC0-DD5D-48D7-82FA-B846EB3AFC89}.Debug|x86.ActiveCfg = Debug|Win32
		{A5273DC0-DD5D-48D7-82FA-B846EB3AFC89}.Debug|x86.Build.0 = Debug|Win32
		{A5273DC0-DD5D-48D7-82FA-B846EB3AFC89}.Release|x64.ActiveCfg = Release|x64
		{A5273DC0-DD5D-48D7-82FA-B846EB3AFC89}.Release|x64.Build.0 = Release|x64
		{A5273DC0-DD5D-48D7-82FA-B846EB3AFC89}.Release|x86.ActiveCfg = Release|Win32
		{A5273DC0-DD5D-48D7-82FA-B846EB3AFC89}.Release|x86.Build.0 = Release|Win32
		{32D67632-DBC8-45E6-B599-A36805780FEF}.Debug|x64.ActiveCfg = Debug|x64
		{32D67632-DBC8-45E6-B599-A36805780FEF}.Debug|x64.Build.0 = Debug|x64
		{32D67632-DBC8-45E6-B599-A36805780FEF}.Debug|x86.ActiveCfg = Debug|Win32
		{32D67632-DBC8-45E6-B599-A36805780FEF}.Debug|x86.Build.0 = Debug|Win32
		{32D67632-DBC8-45E6-B599-A36805780FEF}.Release|x64.ActiveCfg = Release|x64
		{32D67632-DBC8-45E6-B599-A36805780FEF}.Release|x64.Build.0 = Release|x64
		{32D67632-DBC8-45E6-B599-A36805780FEF}.Release|x86.ActiveCfg = Release|Win32
		{32D67632-DBC8-45E6-B599-A36805780FEF}.Release|x86.Build.0 = Release|Win32
		{E4F93E0A-50EC-4AA3-BA4E-F22C58FE6D11}.Debug|x64.ActiveCfg = Debug|x64
		{E4F93E0A-50EC-4AA3-BA4E-F22C58FE6D11}.Debug|x64.Build.0 = Debug|x64
		{E4F93E0A-50EC-4AA3-BA4E-F22C58FE6D11}.Debug|x86.ActiveCfg = Debug|Win32
		{E4F93E0A-50EC-4AA3-BA4E-F22C58FE6D11}.Debug|x86.Build.0 = Debug|Win32
		{E4F93E0A-50EC-4AA3-BA4E-F22C58FE6D11}.Release|x64.ActiveCfg = Release|x64
		{E4F93E0A-50EC-4AA3-BA4E-F22C58FE6D11}.Release|x64.Build.0 = Release|x64
		{E4F93E0A-50EC-4AA3-BA4E-F22C58FE6D11}.Release|x86.ActiveCfg = Release|Win32
		{E4F93E0A-50EC-4AA3-BA4E-F22C58FE6D11}.Release|x86.Build.0 = Release|Win32
		{F7C94A3E-3585-4BAE-8A36-37D0E4B1569C}.Debug|x64.ActiveCfg = Debug|x64
		{F7C94A3E-3585-4BAE-8A36-37D0E4B1569C}.Debug|x64.Build.0 = Debug|x64
		{F7C94A3E-3585-4BAE-8A36-37D0E4B1569C}.Debug|x86.ActiveCfg = Debug|Win32
		{F7C94A3E-3585-4BAE-8A36-37D0E4B1569C}.Debug|x86.Build.0 = Debug|Win32
		{F7C94A3E-3585-4BAE-8A36-37D0E4B1569C}.Release|x64.ActiveCfg = Release|x64
		{F7C94A3E-3585-4BAE-8A36-37D0E4B1569C}.Release|x64.Build.0 = Release|x64
		{F7C94A3E-3585-4BAE-8A36-37D0E4B1569C}.Release|x86.ActiveCfg = Release|Win32
		{F7C94A3E-3585-4BAE-8A36-37D0E4B1569C}.Release|x86.Build.0 = Release|Win32
	EndGlobalSection
	GlobalSection(SolutionProperties) = preSolution
		HideSolutionNode = FALSE
	EndGlobalSection
	GlobalSection(ExtensibilityGlobals) = postSolution
		SolutionGuid = {44A80022-FA66-413F-B7E5-450D8830859C}
	EndGlobalSection
EndGlobal
